// !$*UTF8*$!
{
	archiveVersion = 1;
	classes = {
	};
	objectVersion = 50;
	objects = {

/* Begin PBXBuildFile section */
		41A8803C248975870001D4DD /* AppDelegate.swift in Sources */ = {isa = PBXBuildFile; fileRef = 41A8803B248975870001D4DD /* AppDelegate.swift */; };
		41A8803E248975870001D4DD /* SceneDelegate.swift in Sources */ = {isa = PBXBuildFile; fileRef = 41A8803D248975870001D4DD /* SceneDelegate.swift */; };
		41A88040248975870001D4DD /* FirstPageViewController.swift in Sources */ = {isa = PBXBuildFile; fileRef = 41A8803F248975870001D4DD /* FirstPageViewController.swift */; };
		41A88043248975870001D4DD /* Main.storyboard in Resources */ = {isa = PBXBuildFile; fileRef = 41A88041248975870001D4DD /* Main.storyboard */; };
		41A88045248975880001D4DD /* Assets.xcassets in Resources */ = {isa = PBXBuildFile; fileRef = 41A88044248975880001D4DD /* Assets.xcassets */; };
		41A88048248975880001D4DD /* LaunchScreen.storyboard in Resources */ = {isa = PBXBuildFile; fileRef = 41A88046248975880001D4DD /* LaunchScreen.storyboard */; };
		41A88050248976730001D4DD /* PageViewController.swift in Sources */ = {isa = PBXBuildFile; fileRef = 41A8804F248976730001D4DD /* PageViewController.swift */; };
		41A88052248976E80001D4DD /* SecondPageViewController.swift in Sources */ = {isa = PBXBuildFile; fileRef = 41A88051248976E80001D4DD /* SecondPageViewController.swift */; };
		41A88054248977330001D4DD /* ThirdPageViewController.swift in Sources */ = {isa = PBXBuildFile; fileRef = 41A88053248977330001D4DD /* ThirdPageViewController.swift */; };
/* End PBXBuildFile section */

/* Begin PBXFileReference section */
		41A88038248975870001D4DD /* Homework34.app */ = {isa = PBXFileReference; explicitFileType = wrapper.application; includeInIndex = 0; path = Homework34.app; sourceTree = BUILT_PRODUCTS_DIR; };
		41A8803B248975870001D4DD /* AppDelegate.swift */ = {isa = PBXFileReference; lastKnownFileType = sourcecode.swift; path = AppDelegate.swift; sourceTree = "<group>"; };
		41A8803D248975870001D4DD /* SceneDelegate.swift */ = {isa = PBXFileReference; lastKnownFileType = sourcecode.swift; path = SceneDelegate.swift; sourceTree = "<group>"; };
		41A8803F248975870001D4DD /* FirstPageViewController.swift */ = {isa = PBXFileReference; lastKnownFileType = sourcecode.swift; path = FirstPageViewController.swift; sourceTree = "<group>"; };
		41A88042248975870001D4DD /* Base */ = {isa = PBXFileReference; lastKnownFileType = file.storyboard; name = Base; path = Base.lproj/Main.storyboard; sourceTree = "<group>"; };
		41A88044248975880001D4DD /* Assets.xcassets */ = {isa = PBXFileReference; lastKnownFileType = folder.assetcatalog; path = Assets.xcassets; sourceTree = "<group>"; };
		41A88047248975880001D4DD /* Base */ = {isa = PBXFileReference; lastKnownFileType = file.storyboard; name = Base; path = Base.lproj/LaunchScreen.storyboard; sourceTree = "<group>"; };
		41A88049248975880001D4DD /* Info.plist */ = {isa = PBXFileReference; lastKnownFileType = text.plist.xml; path = Info.plist; sourceTree = "<group>"; };
		41A8804F248976730001D4DD /* PageViewController.swift */ = {isa = PBXFileReference; lastKnownFileType = sourcecode.swift; path = PageViewController.swift; sourceTree = "<group>"; };
		41A88051248976E80001D4DD /* SecondPageViewController.swift */ = {isa = PBXFileReference; lastKnownFileType = sourcecode.swift; path = SecondPageViewController.swift; sourceTree = "<group>"; };
		41A88053248977330001D4DD /* ThirdPageViewController.swift */ = {isa = PBXFileReference; lastKnownFileType = sourcecode.swift; path = ThirdPageViewController.swift; sourceTree = "<group>"; };
/* End PBXFileReference section */

/* Begin PBXFrameworksBuildPhase section */
		41A88035248975870001D4DD /* Frameworks */ = {
			isa = PBXFrameworksBuildPhase;
			buildActionMask = 2147483647;
			files = (
			);
			runOnlyForDeploymentPostprocessing = 0;
		};
/* End PBXFrameworksBuildPhase section */

/* Begin PBXGroup section */
		41A8802F248975870001D4DD = {
			isa = PBXGroup;
			children = (
				41A8803A248975870001D4DD /* Homework34 */,
				41A88039248975870001D4DD /* Products */,
			);
			sourceTree = "<group>";
		};
		41A88039248975870001D4DD /* Products */ = {
			isa = PBXGroup;
			children = (
				41A88038248975870001D4DD /* Homework34.app */,
			);
			name = Products;
			sourceTree = "<group>";
		};
		41A8803A248975870001D4DD /* Homework34 */ = {
			isa = PBXGroup;
			children = (
				41A8803B248975870001D4DD /* AppDelegate.swift */,
				41A8803D248975870001D4DD /* SceneDelegate.swift */,
				41A8803F248975870001D4DD /* FirstPageViewController.swift */,
				41A88041248975870001D4DD /* Main.storyboard */,
				41A88044248975880001D4DD /* Assets.xcassets */,
				41A88046248975880001D4DD /* LaunchScreen.storyboard */,
				41A88049248975880001D4DD /* Info.plist */,
				41A8804F248976730001D4DD /* PageViewController.swift */,
				41A88051248976E80001D4DD /* SecondPageViewController.swift */,
				41A88053248977330001D4DD /* ThirdPageViewController.swift */,
			);
			path = Homework34;
			sourceTree = "<group>";
		};
/* End PBXGroup section */

/* Begin PBXNativeTarget section */
		41A88037248975870001D4DD /* Homework34 */ = {
			isa = PBXNativeTarget;
			buildConfigurationList = 41A8804C248975880001D4DD /* Build configuration list for PBXNativeTarget "Homework34" */;
			buildPhases = (
				41A88034248975870001D4DD /* Sources */,
				41A88035248975870001D4DD /* Frameworks */,
				41A88036248975870001D4DD /* Resources */,
			);
			buildRules = (
			);
			dependencies = (
			);
			name = Homework34;
			productName = Homework34;
			productReference = 41A88038248975870001D4DD /* Homework34.app */;
			productType = "com.apple.product-type.application";
		};
/* End PBXNativeTarget section */

/* Begin PBXProject section */
		41A88030248975870001D4DD /* Project object */ = {
			isa = PBXProject;
			attributes = {
				LastSwiftUpdateCheck = 1150;
				LastUpgradeCheck = 1150;
				ORGANIZATIONNAME = TBC;
				TargetAttributes = {
					41A88037248975870001D4DD = {
						CreatedOnToolsVersion = 11.5;
					};
				};
			};
			buildConfigurationList = 41A88033248975870001D4DD /* Build configuration list for PBXProject "Homework34" */;
			compatibilityVersion = "Xcode 9.3";
			developmentRegion = en;
			hasScannedForEncodings = 0;
			knownRegions = (
				en,
				Base,
			);
			mainGroup = 41A8802F248975870001D4DD;
			productRefGroup = 41A88039248975870001D4DD /* Products */;
			projectDirPath = "";
			projectRoot = "";
			targets = (
				41A88037248975870001D4DD /* Homework34 */,
			);
		};
/* End PBXProject section */

/* Begin PBXResourcesBuildPhase section */
		41A88036248975870001D4DD /* Resources */ = {
			isa = PBXResourcesBuildPhase;
			buildActionMask = 2147483647;
			files = (
				41A88048248975880001D4DD /* LaunchScreen.storyboard in Resources */,
				41A88045248975880001D4DD /* Assets.xcassets in Resources */,
				41A88043248975870001D4DD /* Main.storyboard in Resources */,
			);
			runOnlyForDeploymentPostprocessing = 0;
		};
/* End PBXResourcesBuildPhase section */

/* Begin PBXSourcesBuildPhase section */
		41A88034248975870001D4DD /* Sources */ = {
			isa = PBXSourcesBuildPhase;
			buildActionMask = 2147483647;
			files = (
				41A88040248975870001D4DD /* FirstPageViewController.swift in Sources */,
				41A8803C248975870001D4DD /* AppDelegate.swift in Sources */,
				41A88052248976E80001D4DD /* SecondPageViewController.swift in Sources */,
				41A88054248977330001D4DD /* ThirdPageViewController.swift in Sources */,
				41A8803E248975870001D4DD /* SceneDelegate.swift in Sources */,
				41A88050248976730001D4DD /* PageViewController.swift in Sources */,
			);
			runOnlyForDeploymentPostprocessing = 0;
		};
/* End PBXSourcesBuildPhase section */

/* Begin PBXVariantGroup section */
		41A88041248975870001D4DD /* Main.storyboard */ = {
			isa = PBXVariantGroup;
			children = (
				41A88042248975870001D4DD /* Base */,
			);
			name = Main.storyboard;
			sourceTree = "<group>";
		};
		41A88046248975880001D4DD /* LaunchScreen.storyboard */ = {
			isa = PBXVariantGroup;
			children = (
				41A88047248975880001D4DD /* Base */,
			);
			name = LaunchScreen.storyboard;
			sourceTree = "<group>";
		};
/* End PBXVariantGroup section */

/* Begin XCBuildConfiguration section */
		41A8804A248975880001D4DD /* Debug */ = {
			isa = XCBuildConfiguration;
			buildSettings = {
				ALWAYS_SEARCH_USER_PATHS = NO;
				CLANG_ANALYZER_NONNULL = YES;
				CLANG_ANALYZER_NUMBER_OBJECT_CONVERSION = YES_AGGRESSIVE;
				CLANG_CXX_LANGUAGE_STANDARD = "gnu++14";
				CLANG_CXX_LIBRARY = "libc++";
				CLANG_ENABLE_MODULES = YES;
				CLANG_ENABLE_OBJC_ARC = YES;
				CLANG_ENABLE_OBJC_WEAK = YES;
				CLANG_WARN_BLOCK_CAPTURE_AUTORELEASING = YES;
				CLANG_WARN_BOOL_CONVERSION = YES;
				CLANG_WARN_COMMA = YES;
				CLANG_WARN_CONSTANT_CONVERSION = YES;
				CLANG_WARN_DEPRECATED_OBJC_IMPLEMENTATIONS = YES;
				CLANG_WARN_DIRECT_OBJC_ISA_USAGE = YES_ERROR;
				CLANG_WARN_DOCUMENTATION_COMMENTS = YES;
				CLANG_WARN_EMPTY_BODY = YES;
				CLANG_WARN_ENUM_CONVERSION = YES;
				CLANG_WARN_INFINITE_RECURSION = YES;
				CLANG_WARN_INT_CONVERSION = YES;
				CLANG_WARN_NON_LITERAL_NULL_CONVERSION = YES;
				CLANG_WARN_OBJC_IMPLICIT_RETAIN_SELF = YES;
				CLANG_WARN_OBJC_LITERAL_CONVERSION = YES;
				CLANG_WARN_OBJC_ROOT_CLASS = YES_ERROR;
				CLANG_WARN_RANGE_LOOP_ANALYSIS = YES;
				CLANG_WARN_STRICT_PROTOTYPES = YES;
				CLANG_WARN_SUSPICIOUS_MOVE = YES;
				CLANG_WARN_UNGUARDED_AVAILABILITY = YES_AGGRESSIVE;
				CLANG_WARN_UNREACHABLE_CODE = YES;
				CLANG_WARN__DUPLICATE_METHOD_MATCH = YES;
				COPY_PHASE_STRIP = NO;
				DEBUG_INFORMATION_FORMAT = dwarf;
				ENABLE_STRICT_OBJC_MSGSEND = YES;
				ENABLE_TESTABILITY = YES;
				GCC_C_LANGUAGE_STANDARD = gnu11;
				GCC_DYNAMIC_NO_PIC = NO;
				GCC_NO_COMMON_BLOCKS = YES;
				GCC_OPTIMIZATION_LEVEL = 0;
				GCC_PREPROCESSOR_DEFINITIONS = (
					"DEBUG=1",
					"$(inherited)",
				);
				GCC_WARN_64_TO_32_BIT_CONVERSION = YES;
				GCC_WARN_ABOUT_RETURN_TYPE = YES_ERROR;
				GCC_WARN_UNDECLARED_SELECTOR = YES;
				GCC_WARN_UNINITIALIZED_AUTOS = YES_AGGRESSIVE;
				GCC_WARN_UNUSED_FUNCTION = YES;
				GCC_WARN_UNUSED_VARIABLE = YES;
				IPHONEOS_DEPLOYMENT_TARGET = 13.5;
				MTL_ENABLE_DEBUG_INFO = INCLUDE_SOURCE;
				MTL_FAST_MATH = YES;
				ONLY_ACTIVE_ARCH = YES;
				SDKROOT = iphoneos;
				SWIFT_ACTIVE_COMPILATION_CONDITIONS = DEBUG;
				SWIFT_OPTIMIZATION_LEVEL = "-Onone";
			};
			name = Debug;
		};
		41A8804B248975880001D4DD /* Release */ = {
			isa = XCBuildConfiguration;
			buildSettings = {
				ALWAYS_SEARCH_USER_PATHS = NO;
				CLANG_ANALYZER_NONNULL = YES;
				CLANG_ANALYZER_NUMBER_OBJECT_CONVERSION = YES_AGGRESSIVE;
				CLANG_CXX_LANGUAGE_STANDARD = "gnu++14";
				CLANG_CXX_LIBRARY = "libc++";
				CLANG_ENABLE_MODULES = YES;
				CLANG_ENABLE_OBJC_ARC = YES;
				CLANG_ENABLE_OBJC_WEAK = YES;
				CLANG_WARN_BLOCK_CAPTURE_AUTORELEASING = YES;
				CLANG_WARN_BOOL_CONVERSION = YES;
				CLANG_WARN_COMMA = YES;
				CLANG_WARN_CONSTANT_CONVERSION = YES;
				CLANG_WARN_DEPRECATED_OBJC_IMPLEMENTATIONS = YES;
				CLANG_WARN_DIRECT_OBJC_ISA_USAGE = YES_ERROR;
				CLANG_WARN_DOCUMENTATION_COMMENTS = YES;
				CLANG_WARN_EMPTY_BODY = YES;
				CLANG_WARN_ENUM_CONVERSION = YES;
				CLANG_WARN_INFINITE_RECURSION = YES;
				CLANG_WARN_INT_CONVERSION = YES;
				CLANG_WARN_NON_LITERAL_NULL_CONVERSION = YES;
				CLANG_WARN_OBJC_IMPLICIT_RETAIN_SELF = YES;
				CLANG_WARN_OBJC_LITERAL_CONVERSION = YES;
				CLANG_WARN_OBJC_ROOT_CLASS = YES_ERROR;
				CLANG_WARN_RANGE_LOOP_ANALYSIS = YES;
				CLANG_WARN_STRICT_PROTOTYPES = YES;
				CLANG_WARN_SUSPICIOUS_MOVE = YES;
				CLANG_WARN_UNGUARDED_AVAILABILITY = YES_AGGRESSIVE;
				CLANG_WARN_UNREACHABLE_CODE = YES;
				CLANG_WARN__DUPLICATE_METHOD_MATCH = YES;
				COPY_PHASE_STRIP = NO;
				DEBUG_INFORMATION_FORMAT = "dwarf-with-dsym";
				ENABLE_NS_ASSERTIONS = NO;
				ENABLE_STRICT_OBJC_MSGSEND = YES;
				GCC_C_LANGUAGE_STANDARD = gnu11;
				GCC_NO_COMMON_BLOCKS = YES;
				GCC_WARN_64_TO_32_BIT_CONVERSION = YES;
				GCC_WARN_ABOUT_RETURN_TYPE = YES_ERROR;
				GCC_WARN_UNDECLARED_SELECTOR = YES;
				GCC_WARN_UNINITIALIZED_AUTOS = YES_AGGRESSIVE;
				GCC_WARN_UNUSED_FUNCTION = YES;
				GCC_WARN_UNUSED_VARIABLE = YES;
				IPHONEOS_DEPLOYMENT_TARGET = 13.5;
				MTL_ENABLE_DEBUG_INFO = NO;
				MTL_FAST_MATH = YES;
				SDKROOT = iphoneos;
				SWIFT_COMPILATION_MODE = wholemodule;
				SWIFT_OPTIMIZATION_LEVEL = "-O";
				VALIDATE_PRODUCT = YES;
			};
			name = Release;
		};
		41A8804D248975880001D4DD /* Debug */ = {
			isa = XCBuildConfiguration;
			buildSettings = {
				ASSETCATALOG_COMPILER_APPICON_NAME = AppIcon;
				CODE_SIGN_STYLE = Automatic;
				INFOPLIST_FILE = Homework34/Info.plist;
				LD_RUNPATH_SEARCH_PATHS = (
					"$(inherited)",
					"@executable_path/Frameworks",
				);
				PRODUCT_BUNDLE_IDENTIFIER = ge.tbcbank.Homework34;
				PRODUCT_NAME = "$(TARGET_NAME)";
				SWIFT_VERSION = 5.0;
				TARGETED_DEVICE_FAMILY = "1,2";
			};
			name = Debug;
		};
		41A8804E248975880001D4DD /* Release */ = {
			isa = XCBuildConfiguration;
			buildSettings = {
				ASSETCATALOG_COMPILER_APPICON_NAME = AppIcon;
				CODE_SIGN_STYLE = Automatic;
				INFOPLIST_FILE = Homework34/Info.plist;
				LD_RUNPATH_SEARCH_PATHS = (
					"$(inherited)",
					"@executable_path/Frameworks",
				);
				PRODUCT_BUNDLE_IDENTIFIER = ge.tbcbank.Homework34;
				PRODUCT_NAME = "$(TARGET_NAME)";
				SWIFT_VERSION = 5.0;
				TARGETED_DEVICE_FAMILY = "1,2";
			};
			name = Release;
		};
/* End XCBuildConfiguration section */

/* Begin XCConfigurationList section */
		41A88033248975870001D4DD /* Build configuration list for PBXProject "Homework34" */ = {
			isa = XCConfigurationList;
			buildConfigurations = (
				41A8804A248975880001D4DD /* Debug */,
				41A8804B248975880001D4DD /* Release */,
			);
			defaultConfigurationIsVisible = 0;
			defaultConfigurationName = Release;
		};
		41A8804C248975880001D4DD /* Build configuration list for PBXNativeTarget "Homework34" */ = {
			isa = XCConfigurationList;
			buildConfigurations = (
				41A8804D248975880001D4DD /* Debug */,
				41A8804E248975880001D4DD /* Release */,
			);
			defaultConfigurationIsVisible = 0;
			defaultConfigurationName = Release;
		};
/* End XCConfigurationList section */
	};
	rootObject = 41A88030248975870001D4DD /* Project object */;
}
